
Microsoft Visual Studio Solution File, Format Version 12.00
# Visual Studio 15
VisualStudioVersion = 15.0.28010.2016
MinimumVisualStudioVersion = 10.0.40219.1
Project("{FAE04EC0-301F-11D3-BF4B-00C04F79EFBC}") = "IdentityServer4Example.Api", "IdentityServer4Example.Api\IdentityServer4Example.Api.csproj", "{5413FCF8-47AF-4CD8-9EF7-9EFB6B6C2D1B}"
EndProject
Global
	GlobalSection(SolutionConfigurationPlatforms) = preSolution
		Debug|Any CPU = Debug|Any CPU
		Release|Any CPU = Release|Any CPU
	EndGlobalSection
	GlobalSection(ProjectConfigurationPlatforms) = postSolution
		{5413FCF8-47AF-4CD8-9EF7-9EFB6B6C2D1B}.Debug|Any CPU.ActiveCfg = Debug|Any CPU
		{5413FCF8-47AF-4CD8-9EF7-9EFB6B6C2D1B}.Debug|Any CPU.Build.0 = Debug|Any CPU
		{5413FCF8-47AF-4CD8-9EF7-9EFB6B6C2D1B}.Release|Any CPU.ActiveCfg = Release|Any CPU
		{5413FCF8-47AF-4CD8-9EF7-9EFB6B6C2D1B}.Release|Any CPU.Build.0 = Release|Any CPU
	EndGlobalSection
	GlobalSection(SolutionProperties) = preSolution
		HideSolutionNode = FALSE
	EndGlobalSection
	GlobalSection(ExtensibilityGlobals) = postSolution
		SolutionGuid = {7069FA17-C126-42D2-89DD-74036CF19A26}
	EndGlobalSection
EndGlobal
